
Microsoft Visual Studio Solution File, Format Version 12.00
# Visual Studio Version 17
VisualStudioVersion = 17.3.32825.248
MinimumVisualStudioVersion = 10.0.40219.1
Project("{9A19103F-16F7-4668-BE54-9A1E7A4F7556}") = "BeerC0d3.API", "BeerC0d3.API\BeerC0d3.API.csproj", "{D0C13F7E-AD2C-46FE-AD89-124A024E58DC}"
EndProject
Project("{9A19103F-16F7-4668-BE54-9A1E7A4F7556}") = "BeerC0d3.Core", "BeerC0d3.Core\BeerC0d3.Core.csproj", "{A3DFE171-F501-4005-B533-53CDD01D403F}"
EndProject
Project("{9A19103F-16F7-4668-BE54-9A1E7A4F7556}") = "BeerC0d3.Infrastructure", "BeerC0d3.Infrastructure\BeerC0d3.Infrastructure.csproj", "{DCE7C5D0-6BD9-4E66-A420-A0B78D299CE4}"
EndProject
Global
	GlobalSection(SolutionConfigurationPlatforms) = preSolution
		Debug|Any CPU = Debug|Any CPU
		Release|Any CPU = Release|Any CPU
	EndGlobalSection
	GlobalSection(ProjectConfigurationPlatforms) = postSolution
		{D0C13F7E-AD2C-46FE-AD89-124A024E58DC}.Debug|Any CPU.ActiveCfg = Debug|Any CPU
		{D0C13F7E-AD2C-46FE-AD89-124A024E58DC}.Debug|Any CPU.Build.0 = Debug|Any CPU
		{D0C13F7E-AD2C-46FE-AD89-124A024E58DC}.Release|Any CPU.ActiveCfg = Release|Any CPU
		{D0C13F7E-AD2C-46FE-AD89-124A024E58DC}.Release|Any CPU.Build.0 = Release|Any CPU
		{A3DFE171-F501-4005-B533-53CDD01D403F}.Debug|Any CPU.ActiveCfg = Debug|Any CPU
		{A3DFE171-F501-4005-B533-53CDD01D403F}.Debug|Any CPU.Build.0 = Debug|Any CPU
		{A3DFE171-F501-4005-B533-53CDD01D403F}.Release|Any CPU.ActiveCfg = Release|Any CPU
		{A3DFE171-F501-4005-B533-53CDD01D403F}.Release|Any CPU.Build.0 = Release|Any CPU
		{DCE7C5D0-6BD9-4E66-A420-A0B78D299CE4}.Debug|Any CPU.ActiveCfg = Debug|Any CPU
		{DCE7C5D0-6BD9-4E66-A420-A0B78D299CE4}.Debug|Any CPU.Build.0 = Debug|Any CPU
		{DCE7C5D0-6BD9-4E66-A420-A0B78D299CE4}.Release|Any CPU.ActiveCfg = Release|Any CPU
		{DCE7C5D0-6BD9-4E66-A420-A0B78D299CE4}.Release|Any CPU.Build.0 = Release|Any CPU
	EndGlobalSection
	GlobalSection(SolutionProperties) = preSolution
		HideSolutionNode = FALSE
	EndGlobalSection
	GlobalSection(ExtensibilityGlobals) = postSolution
		SolutionGuid = {74D162DE-C460-4D8F-96D4-9A91C1566924}
	EndGlobalSection
EndGlobal
